
Microsoft Visual Studio Solution File, Format Version 12.00
# Visual Studio 15
VisualStudioVersion = 15.0.28307.1000
MinimumVisualStudioVersion = 10.0.40219.1
Project("{FAE04EC0-301F-11D3-BF4B-00C04F79EFBC}") = "E health management system", "E health management system\E health management system.csproj", "{1DAD775B-9198-40C7-BF9B-E967E46AAF91}"
EndProject
Project("{FAE04EC0-301F-11D3-BF4B-00C04F79EFBC}") = "BOL", "..\E_Health_System\BOL\BOL.csproj", "{B7029581-2852-401F-8B23-5A060147D0EA}"
EndProject
Project("{FAE04EC0-301F-11D3-BF4B-00C04F79EFBC}") = "DAL", "..\E_Health_System\DAL\DAL.csproj", "{525F2235-2543-4D4E-9F68-03E0B7CEC6B8}"
EndProject
Global
	GlobalSection(SolutionConfigurationPlatforms) = preSolution
		Debug|Any CPU = Debug|Any CPU
		Release|Any CPU = Release|Any CPU
	EndGlobalSection
	GlobalSection(ProjectConfigurationPlatforms) = postSolution
		{1DAD775B-9198-40C7-BF9B-E967E46AAF91}.Debug|Any CPU.ActiveCfg = Debug|Any CPU
		{1DAD775B-9198-40C7-BF9B-E967E46AAF91}.Debug|Any CPU.Build.0 = Debug|Any CPU
		{1DAD775B-9198-40C7-BF9B-E967E46AAF91}.Release|Any CPU.ActiveCfg = Release|Any CPU
		{1DAD775B-9198-40C7-BF9B-E967E46AAF91}.Release|Any CPU.Build.0 = Release|Any CPU
		{B7029581-2852-401F-8B23-5A060147D0EA}.Debug|Any CPU.ActiveCfg = Debug|Any CPU
		{B7029581-2852-401F-8B23-5A060147D0EA}.Debug|Any CPU.Build.0 = Debug|Any CPU
		{B7029581-2852-401F-8B23-5A060147D0EA}.Release|Any CPU.ActiveCfg = Release|Any CPU
		{B7029581-2852-401F-8B23-5A060147D0EA}.Release|Any CPU.Build.0 = Release|Any CPU
		{525F2235-2543-4D4E-9F68-03E0B7CEC6B8}.Debug|Any CPU.ActiveCfg = Debug|Any CPU
		{525F2235-2543-4D4E-9F68-03E0B7CEC6B8}.Debug|Any CPU.Build.0 = Debug|Any CPU
		{525F2235-2543-4D4E-9F68-03E0B7CEC6B8}.Release|Any CPU.ActiveCfg = Release|Any CPU
		{525F2235-2543-4D4E-9F68-03E0B7CEC6B8}.Release|Any CPU.Build.0 = Release|Any CPU
	EndGlobalSection
	GlobalSection(SolutionProperties) = preSolution
		HideSolutionNode = FALSE
	EndGlobalSection
	GlobalSection(ExtensibilityGlobals) = postSolution
		SolutionGuid = {E62899F9-34B6-4D29-A0FB-C08C2F71E7BF}
	EndGlobalSection
EndGlobal
