
Microsoft Visual Studio Solution File, Format Version 12.00
# Visual Studio 15
VisualStudioVersion = 15.0.28307.852
MinimumVisualStudioVersion = 10.0.40219.1
Project("{FAE04EC0-301F-11D3-BF4B-00C04F79EFBC}") = "Database", "Database\Database.csproj", "{CAB2FFA8-DA52-4144-9B7A-DB786A0B387C}"
EndProject
Project("{FAE04EC0-301F-11D3-BF4B-00C04F79EFBC}") = "DAL", "DAL\DAL.csproj", "{525F2235-2543-4D4E-9F68-03E0B7CEC6B8}"
EndProject
Project("{FAE04EC0-301F-11D3-BF4B-00C04F79EFBC}") = "BOL", "BOL\BOL.csproj", "{B7029581-2852-401F-8B23-5A060147D0EA}"
EndProject
Project("{FAE04EC0-301F-11D3-BF4B-00C04F79EFBC}") = "Testing", "Testing\Testing.csproj", "{742DD3F7-5C6C-4778-A104-7C3118312046}"
EndProject
Project("{FAE04EC0-301F-11D3-BF4B-00C04F79EFBC}") = "E_Health", "E_Health\E_Health.csproj", "{4171A18A-42E2-4445-BDC6-B86BCC0A5827}"
EndProject
Global
	GlobalSection(SolutionConfigurationPlatforms) = preSolution
		Debug|Any CPU = Debug|Any CPU
		Release|Any CPU = Release|Any CPU
	EndGlobalSection
	GlobalSection(ProjectConfigurationPlatforms) = postSolution
		{CAB2FFA8-DA52-4144-9B7A-DB786A0B387C}.Debug|Any CPU.ActiveCfg = Debug|Any CPU
		{CAB2FFA8-DA52-4144-9B7A-DB786A0B387C}.Debug|Any CPU.Build.0 = Debug|Any CPU
		{CAB2FFA8-DA52-4144-9B7A-DB786A0B387C}.Release|Any CPU.ActiveCfg = Release|Any CPU
		{CAB2FFA8-DA52-4144-9B7A-DB786A0B387C}.Release|Any CPU.Build.0 = Release|Any CPU
		{525F2235-2543-4D4E-9F68-03E0B7CEC6B8}.Debug|Any CPU.ActiveCfg = Debug|Any CPU
		{525F2235-2543-4D4E-9F68-03E0B7CEC6B8}.Debug|Any CPU.Build.0 = Debug|Any CPU
		{525F2235-2543-4D4E-9F68-03E0B7CEC6B8}.Release|Any CPU.ActiveCfg = Release|Any CPU
		{525F2235-2543-4D4E-9F68-03E0B7CEC6B8}.Release|Any CPU.Build.0 = Release|Any CPU
		{B7029581-2852-401F-8B23-5A060147D0EA}.Debug|Any CPU.ActiveCfg = Debug|Any CPU
		{B7029581-2852-401F-8B23-5A060147D0EA}.Debug|Any CPU.Build.0 = Debug|Any CPU
		{B7029581-2852-401F-8B23-5A060147D0EA}.Release|Any CPU.ActiveCfg = Release|Any CPU
		{B7029581-2852-401F-8B23-5A060147D0EA}.Release|Any CPU.Build.0 = Release|Any CPU
		{742DD3F7-5C6C-4778-A104-7C3118312046}.Debug|Any CPU.ActiveCfg = Debug|Any CPU
		{742DD3F7-5C6C-4778-A104-7C3118312046}.Debug|Any CPU.Build.0 = Debug|Any CPU
		{742DD3F7-5C6C-4778-A104-7C3118312046}.Release|Any CPU.ActiveCfg = Release|Any CPU
		{742DD3F7-5C6C-4778-A104-7C3118312046}.Release|Any CPU.Build.0 = Release|Any CPU
		{4171A18A-42E2-4445-BDC6-B86BCC0A5827}.Debug|Any CPU.ActiveCfg = Debug|Any CPU
		{4171A18A-42E2-4445-BDC6-B86BCC0A5827}.Debug|Any CPU.Build.0 = Debug|Any CPU
		{4171A18A-42E2-4445-BDC6-B86BCC0A5827}.Release|Any CPU.ActiveCfg = Release|Any CPU
		{4171A18A-42E2-4445-BDC6-B86BCC0A5827}.Release|Any CPU.Build.0 = Release|Any CPU
	EndGlobalSection
	GlobalSection(SolutionProperties) = preSolution
		HideSolutionNode = FALSE
	EndGlobalSection
	GlobalSection(ExtensibilityGlobals) = postSolution
		SolutionGuid = {8981D4DA-D5B8-40A5-BFDD-58FE220C32A9}
	EndGlobalSection
EndGlobal
